
Microsoft Visual Studio Solution File, Format Version 12.00
# Visual Studio Version 16
VisualStudioVersion = 16.0.31321.278
MinimumVisualStudioVersion = 10.0.40219.1
Project("{FAE04EC0-301F-11D3-BF4B-00C04F79EFBC}") = "DemoTask", "DemoTask\DemoTask.csproj", "{07F91BC8-33EF-4D0F-BA48-EC03B7EF8080}"
EndProject
Project("{FAE04EC0-301F-11D3-BF4B-00C04F79EFBC}") = "Exercise2", "Exercise2\Exercise2.csproj", "{1CA07C70-8B2D-48DC-8684-35DF0E665DCC}"
EndProject
Project("{FAE04EC0-301F-11D3-BF4B-00C04F79EFBC}") = "Exercise3", "Exercise3\Exercise3.csproj", "{E2E9D234-455B-4E28-A0A3-88E15E89774B}"
EndProject
Project("{FAE04EC0-301F-11D3-BF4B-00C04F79EFBC}") = "Exercise4", "Exercise4\Exercise4.csproj", "{79A89DA6-C64F-4363-9CE5-9863CE39A816}"
EndProject
Project("{FAE04EC0-301F-11D3-BF4B-00C04F79EFBC}") = "Exercise5", "Exercise5\Exercise5.csproj", "{4174DE12-1B8A-471D-A87B-72A896135F43}"
EndProject
Project("{FAE04EC0-301F-11D3-BF4B-00C04F79EFBC}") = "Exercise6", "Exercise6\Exercise6.csproj", "{F40B2860-F31D-40DC-B9B7-37FF75444771}"
EndProject
Project("{FAE04EC0-301F-11D3-BF4B-00C04F79EFBC}") = "Exercise7", "Exercise7\Exercise7.csproj", "{8103D586-B242-4259-8FD9-9B29DBB59625}"
EndProject
Global
	GlobalSection(SolutionConfigurationPlatforms) = preSolution
		Debug|Any CPU = Debug|Any CPU
		Release|Any CPU = Release|Any CPU
	EndGlobalSection
	GlobalSection(ProjectConfigurationPlatforms) = postSolution
		{07F91BC8-33EF-4D0F-BA48-EC03B7EF8080}.Debug|Any CPU.ActiveCfg = Debug|Any CPU
		{07F91BC8-33EF-4D0F-BA48-EC03B7EF8080}.Debug|Any CPU.Build.0 = Debug|Any CPU
		{07F91BC8-33EF-4D0F-BA48-EC03B7EF8080}.Release|Any CPU.ActiveCfg = Release|Any CPU
		{07F91BC8-33EF-4D0F-BA48-EC03B7EF8080}.Release|Any CPU.Build.0 = Release|Any CPU
		{1CA07C70-8B2D-48DC-8684-35DF0E665DCC}.Debug|Any CPU.ActiveCfg = Debug|Any CPU
		{1CA07C70-8B2D-48DC-8684-35DF0E665DCC}.Debug|Any CPU.Build.0 = Debug|Any CPU
		{1CA07C70-8B2D-48DC-8684-35DF0E665DCC}.Release|Any CPU.ActiveCfg = Release|Any CPU
		{1CA07C70-8B2D-48DC-8684-35DF0E665DCC}.Release|Any CPU.Build.0 = Release|Any CPU
		{E2E9D234-455B-4E28-A0A3-88E15E89774B}.Debug|Any CPU.ActiveCfg = Debug|Any CPU
		{E2E9D234-455B-4E28-A0A3-88E15E89774B}.Debug|Any CPU.Build.0 = Debug|Any CPU
		{E2E9D234-455B-4E28-A0A3-88E15E89774B}.Release|Any CPU.ActiveCfg = Release|Any CPU
		{E2E9D234-455B-4E28-A0A3-88E15E89774B}.Release|Any CPU.Build.0 = Release|Any CPU
		{79A89DA6-C64F-4363-9CE5-9863CE39A816}.Debug|Any CPU.ActiveCfg = Debug|Any CPU
		{79A89DA6-C64F-4363-9CE5-9863CE39A816}.Debug|Any CPU.Build.0 = Debug|Any CPU
		{79A89DA6-C64F-4363-9CE5-9863CE39A816}.Release|Any CPU.ActiveCfg = Release|Any CPU
		{79A89DA6-C64F-4363-9CE5-9863CE39A816}.Release|Any CPU.Build.0 = Release|Any CPU
		{4174DE12-1B8A-471D-A87B-72A896135F43}.Debug|Any CPU.ActiveCfg = Debug|Any CPU
		{4174DE12-1B8A-471D-A87B-72A896135F43}.Debug|Any CPU.Build.0 = Debug|Any CPU
		{4174DE12-1B8A-471D-A87B-72A896135F43}.Release|Any CPU.ActiveCfg = Release|Any CPU
		{4174DE12-1B8A-471D-A87B-72A896135F43}.Release|Any CPU.Build.0 = Release|Any CPU
		{F40B2860-F31D-40DC-B9B7-37FF75444771}.Debug|Any CPU.ActiveCfg = Debug|Any CPU
		{F40B2860-F31D-40DC-B9B7-37FF75444771}.Debug|Any CPU.Build.0 = Debug|Any CPU
		{F40B2860-F31D-40DC-B9B7-37FF75444771}.Release|Any CPU.ActiveCfg = Release|Any CPU
		{F40B2860-F31D-40DC-B9B7-37FF75444771}.Release|Any CPU.Build.0 = Release|Any CPU
		{8103D586-B242-4259-8FD9-9B29DBB59625}.Debug|Any CPU.ActiveCfg = Debug|Any CPU
		{8103D586-B242-4259-8FD9-9B29DBB59625}.Debug|Any CPU.Build.0 = Debug|Any CPU
		{8103D586-B242-4259-8FD9-9B29DBB59625}.Release|Any CPU.ActiveCfg = Release|Any CPU
		{8103D586-B242-4259-8FD9-9B29DBB59625}.Release|Any CPU.Build.0 = Release|Any CPU
	EndGlobalSection
	GlobalSection(SolutionProperties) = preSolution
		HideSolutionNode = FALSE
	EndGlobalSection
	GlobalSection(ExtensibilityGlobals) = postSolution
		SolutionGuid = {7CA33FBC-AAE8-4D89-832B-54515C76B44B}
	EndGlobalSection
EndGlobal
